Microsoft Visual Studio Solution File, Format Version 12.00
# Visual Studio 15
VisualStudioVersion = 15.0.26430.12
MinimumVisualStudioVersion = 10.0.40219.1
Project("{2150E333-8FDC-42A3-9474-1A3956D46DE8}") = "Solution items", "Solution items", "{6CA74DE0-A357-4934-9D8B-FEA3F0A2D690}"
	ProjectSection(SolutionItems) = preProject
		.gitignore = .gitignore
		README.md = README.md
	EndProjectSection
EndProject
Project("{9A19103F-16F7-4668-BE54-9A1E7A4F7556}") = "MarginTrading.SettingsService", "src\MarginTrading.SettingsService\MarginTrading.SettingsService.csproj", "{E414FDB9-FEEA-4CD0-9BBA-D1541601DF29}"
EndProject
Project("{2150E333-8FDC-42A3-9474-1A3956D46DE8}") = "1. Instrastructure", "1. Instrastructure", "{CC2067D7-1971-47BB-B491-5649EA3C18B2}"
EndProject
Project("{9A19103F-16F7-4668-BE54-9A1E7A4F7556}") = "MarginTrading.SettingsService.Core", "src\MarginTrading.SettingsService.Core\MarginTrading.SettingsService.Core.csproj", "{F5B2F6B8-A8CC-4612-8F1D-C063EB8C8955}"
EndProject
Project("{9A19103F-16F7-4668-BE54-9A1E7A4F7556}") = "MarginTrading.SettingsService.Services", "src\MarginTrading.SettingsService.Services\MarginTrading.SettingsService.Services.csproj", "{2D5F52EC-2A27-4045-81ED-72355E2A6325}"
EndProject
Project("{2150E333-8FDC-42A3-9474-1A3956D46DE8}") = "2. Storage", "2. Storage", "{BF745453-B940-470E-81BC-43FB67703D4E}"
EndProject
Project("{9A19103F-16F7-4668-BE54-9A1E7A4F7556}") = "MarginTrading.SettingsService.AzureRepositories", "src\MarginTrading.SettingsService.AzureRepositories\MarginTrading.SettingsService.AzureRepositories.csproj", "{4BE49E02-AAAD-460B-8D00-57F412A3D181}"
EndProject
Project("{FAE04EC0-301F-11D3-BF4B-00C04F79EFBC}") = "MarginTrading.SettingsService.StorageInterfaces", "src\MarginTrading.SettingsService.StorageInterfaces\MarginTrading.SettingsService.StorageInterfaces.csproj", "{655970D1-46CD-44E3-ABC4-8A2ED9B34A3F}"
EndProject
Project("{9A19103F-16F7-4668-BE54-9A1E7A4F7556}") = "MarginTrading.SettingsService.Tests", "tests\MarginTrading.SettingsService.Tests\MarginTrading.SettingsService.Tests.csproj", "{A61FFDEE-5725-4650-A788-6E55EE5EFD5B}"
EndProject
Project("{2150E333-8FDC-42A3-9474-1A3956D46DE8}") = "4. Tests", "4. Tests", "{8F9036B1-5106-4C69-B2D2-B78EE52687A0}"
EndProject
Project("{FAE04EC0-301F-11D3-BF4B-00C04F79EFBC}") = "MarginTrading.SettingsService.TestClient", "tests\MarginTrading.SettingsService.TestClient\MarginTrading.SettingsService.TestClient.csproj", "{FE29B449-3C93-4B56-840F-80C2E7D8030B}"
EndProject
Project("{2150E333-8FDC-42A3-9474-1A3956D46DE8}") = "3. Contracts", "3. Contracts", "{D4B1EE06-100C-4B88-8B85-B0DDAB715B77}"
EndProject
Project("{FAE04EC0-301F-11D3-BF4B-00C04F79EFBC}") = "MarginTrading.SettingsService.Contracts", "src\MarginTrading.SettingsService.Contracts\MarginTrading.SettingsService.Contracts.csproj", "{28B0B815-0425-4163-A260-AEBC415089B7}"
EndProject
Project("{FAE04EC0-301F-11D3-BF4B-00C04F79EFBC}") = "MarginTrading.SettingsService.SqlRepositories", "src\MarginTrading.SettingsService.SqlRepositories\MarginTrading.SettingsService.SqlRepositories.csproj", "{D0A49E48-0F2F-4320-903D-447F6B169D75}"
EndProject
Project("{FAE04EC0-301F-11D3-BF4B-00C04F79EFBC}") = "MarginTrading.SettingsService.Migration", "src\MarginTrading.SettingsService.Migration\MarginTrading.SettingsService.Migration.csproj", "{CFF625D9-DB7D-4676-B9CD-5E97009455E5}"
EndProject
Global
	GlobalSection(SolutionConfigurationPlatforms) = preSolution
		Debug|Any CPU = Debug|Any CPU
		Release|Any CPU = Release|Any CPU
	EndGlobalSection
	GlobalSection(ProjectConfigurationPlatforms) = postSolution
		{F5B2F6B8-A8CC-4612-8F1D-C063EB8C8955}.Debug|Any CPU.ActiveCfg = Debug|Any CPU
		{F5B2F6B8-A8CC-4612-8F1D-C063EB8C8955}.Debug|Any CPU.Build.0 = Debug|Any CPU
		{F5B2F6B8-A8CC-4612-8F1D-C063EB8C8955}.Release|Any CPU.ActiveCfg = Release|Any CPU
		{F5B2F6B8-A8CC-4612-8F1D-C063EB8C8955}.Release|Any CPU.Build.0 = Release|Any CPU
		{4BE49E02-AAAD-460B-8D00-57F412A3D181}.Debug|Any CPU.ActiveCfg = Debug|Any CPU
		{4BE49E02-AAAD-460B-8D00-57F412A3D181}.Debug|Any CPU.Build.0 = Debug|Any CPU
		{4BE49E02-AAAD-460B-8D00-57F412A3D181}.Release|Any CPU.ActiveCfg = Release|Any CPU
		{4BE49E02-AAAD-460B-8D00-57F412A3D181}.Release|Any CPU.Build.0 = Release|Any CPU
		{2D5F52EC-2A27-4045-81ED-72355E2A6325}.Debug|Any CPU.ActiveCfg = Debug|Any CPU
		{2D5F52EC-2A27-4045-81ED-72355E2A6325}.Debug|Any CPU.Build.0 = Debug|Any CPU
		{2D5F52EC-2A27-4045-81ED-72355E2A6325}.Release|Any CPU.ActiveCfg = Release|Any CPU
		{2D5F52EC-2A27-4045-81ED-72355E2A6325}.Release|Any CPU.Build.0 = Release|Any CPU
		{A61FFDEE-5725-4650-A788-6E55EE5EFD5B}.Debug|Any CPU.ActiveCfg = Debug|Any CPU
		{A61FFDEE-5725-4650-A788-6E55EE5EFD5B}.Debug|Any CPU.Build.0 = Debug|Any CPU
		{A61FFDEE-5725-4650-A788-6E55EE5EFD5B}.Release|Any CPU.ActiveCfg = Release|Any CPU
		{A61FFDEE-5725-4650-A788-6E55EE5EFD5B}.Release|Any CPU.Build.0 = Release|Any CPU
		{E414FDB9-FEEA-4CD0-9BBA-D1541601DF29}.Debug|Any CPU.ActiveCfg = Debug|Any CPU
		{E414FDB9-FEEA-4CD0-9BBA-D1541601DF29}.Debug|Any CPU.Build.0 = Debug|Any CPU
		{E414FDB9-FEEA-4CD0-9BBA-D1541601DF29}.Release|Any CPU.ActiveCfg = Release|Any CPU
		{E414FDB9-FEEA-4CD0-9BBA-D1541601DF29}.Release|Any CPU.Build.0 = Release|Any CPU
		{655970D1-46CD-44E3-ABC4-8A2ED9B34A3F}.Debug|Any CPU.ActiveCfg = Debug|Any CPU
		{655970D1-46CD-44E3-ABC4-8A2ED9B34A3F}.Debug|Any CPU.Build.0 = Debug|Any CPU
		{655970D1-46CD-44E3-ABC4-8A2ED9B34A3F}.Release|Any CPU.ActiveCfg = Release|Any CPU
		{655970D1-46CD-44E3-ABC4-8A2ED9B34A3F}.Release|Any CPU.Build.0 = Release|Any CPU
		{FE29B449-3C93-4B56-840F-80C2E7D8030B}.Debug|Any CPU.ActiveCfg = Debug|Any CPU
		{FE29B449-3C93-4B56-840F-80C2E7D8030B}.Debug|Any CPU.Build.0 = Debug|Any CPU
		{FE29B449-3C93-4B56-840F-80C2E7D8030B}.Release|Any CPU.ActiveCfg = Release|Any CPU
		{FE29B449-3C93-4B56-840F-80C2E7D8030B}.Release|Any CPU.Build.0 = Release|Any CPU
		{28B0B815-0425-4163-A260-AEBC415089B7}.Debug|Any CPU.ActiveCfg = Debug|Any CPU
		{28B0B815-0425-4163-A260-AEBC415089B7}.Debug|Any CPU.Build.0 = Debug|Any CPU
		{28B0B815-0425-4163-A260-AEBC415089B7}.Release|Any CPU.ActiveCfg = Release|Any CPU
		{28B0B815-0425-4163-A260-AEBC415089B7}.Release|Any CPU.Build.0 = Release|Any CPU
		{D0A49E48-0F2F-4320-903D-447F6B169D75}.Debug|Any CPU.ActiveCfg = Debug|Any CPU
		{D0A49E48-0F2F-4320-903D-447F6B169D75}.Debug|Any CPU.Build.0 = Debug|Any CPU
		{D0A49E48-0F2F-4320-903D-447F6B169D75}.Release|Any CPU.ActiveCfg = Release|Any CPU
		{D0A49E48-0F2F-4320-903D-447F6B169D75}.Release|Any CPU.Build.0 = Release|Any CPU
		{CFF625D9-DB7D-4676-B9CD-5E97009455E5}.Debug|Any CPU.ActiveCfg = Debug|Any CPU
		{CFF625D9-DB7D-4676-B9CD-5E97009455E5}.Debug|Any CPU.Build.0 = Debug|Any CPU
		{CFF625D9-DB7D-4676-B9CD-5E97009455E5}.Release|Any CPU.ActiveCfg = Release|Any CPU
		{CFF625D9-DB7D-4676-B9CD-5E97009455E5}.Release|Any CPU.Build.0 = Release|Any CPU
	EndGlobalSection
	GlobalSection(SolutionProperties) = preSolution
		HideSolutionNode = FALSE
	EndGlobalSection
	GlobalSection(NestedProjects) = preSolution
		{F5B2F6B8-A8CC-4612-8F1D-C063EB8C8955} = {CC2067D7-1971-47BB-B491-5649EA3C18B2}
		{4BE49E02-AAAD-460B-8D00-57F412A3D181} = {BF745453-B940-470E-81BC-43FB67703D4E}
		{2D5F52EC-2A27-4045-81ED-72355E2A6325} = {CC2067D7-1971-47BB-B491-5649EA3C18B2}
		{A61FFDEE-5725-4650-A788-6E55EE5EFD5B} = {8F9036B1-5106-4C69-B2D2-B78EE52687A0}
		{655970D1-46CD-44E3-ABC4-8A2ED9B34A3F} = {BF745453-B940-470E-81BC-43FB67703D4E}
		{FE29B449-3C93-4B56-840F-80C2E7D8030B} = {8F9036B1-5106-4C69-B2D2-B78EE52687A0}
		{28B0B815-0425-4163-A260-AEBC415089B7} = {D4B1EE06-100C-4B88-8B85-B0DDAB715B77}
		{D0A49E48-0F2F-4320-903D-447F6B169D75} = {BF745453-B940-470E-81BC-43FB67703D4E}
	EndGlobalSection
EndGlobal
